# This file is autogenerated, do not edit; changes may be undone by the next 'dep ensure'.


[[projects]]
  branch = "master"
  digest = "1:5e33f17a0345f8ff94763b128e790293c0d5b060d57a32aadfcc23fd51a619fa"
  name = "github.com/buger/jsonparser"
  packages = ["."]
  pruneopts = "UT"
  revision = "6acdf747ae99cad92d1e8134606008acaca71844"

[[projects]]
  digest = "1:4eea82320ea47ac9c858a5f52fb518552df727e688a3e3676c8b5b99ffe12f0d"
  name = "github.com/onsi/gomega"
  packages = [
    "format",
    "gstruct",
    "gstruct/errors",
    "types",
  ]
  pruneopts = "UT"
  revision = "7615b9433f86a8bdf29709bf288bc4fd0636a369"
  version = "v1.4.2"

[solve-meta]
  analyzer-name = "dep"
  analyzer-version = 1
  input-imports = [
    "github.com/buger/jsonparser",
    "github.com/onsi/gomega/gstruct",
    "github.com/onsi/gomega/types",
  ]
  solver-name = "gps-cdcl"
  solver-version = 1
